<?xml version="1.0" encoding="utf-8"?>
<Project ToolsVersion="4.0" xmlns="http://schemas.microsoft.com/developer/msbuild/2003">
  <ItemGroup>
    <Filter Include="Source Files">
      <UniqueIdentifier>{4FC737F1-C7A5-4376-A066-2A32D752A2FF}</UniqueIdentifier>
      <Extensions>cpp;c;cc;cxx;def;odl;idl;hpj;bat;asm;asmx</Extensions>
    </Filter>
    <Filter Include="Header Files">
      <UniqueIdentifier>{93995380-89BD-4b04-88EB-625FBE52EBFB}</UniqueIdentifier>
      <Extensions>h;hh;hpp;hxx;hm;inl;inc;xsd</Extensions>
    </Filter>
    <Filter Include="Resource Files">
      <UniqueIdentifier>{67DA6AB6-F800-4c08-8B7A-83BB121AAD01}</UniqueIdentifier>
      <Extensions>rc;ico;cur;bmp;dlg;rc2;rct;bin;rgs;gif;jpg;jpeg;jpe;resx;tiff;tif;png;wav;mfcribbon-ms</Extensions>
    </Filter>
    <Filter Include="Source Files\AEZ">
      <UniqueIdentifier>{eebdf9f0-bad0-45c2-b8e4-b93fe735b1f4}</UniqueIdentifier>
    </Filter>
    <Filter Include="Source Files\AESOTRS">
      <UniqueIdentifier>{821bafc2-e04a-45a0-8071-f2a58dc5555f}</UniqueIdentifier>
    </Filter>
    <Filter Include="Source Files\ASCON">
      <UniqueIdentifier>{1b787016-379b-4116-b548-b63c98c3c875}</UniqueIdentifier>
    </Filter>
    <Filter Include="Source Files\AESOTRP">
      <UniqueIdentifier>{ab589d41-0ec2-437c-b52f-0b835976d6e8}</UniqueIdentifier>
    </Filter>
    <Filter Include="Source Files\Keyak">
      <UniqueIdentifier>{bd9381f5-f6be-4cfd-a3e8-811c09d8671e}</UniqueIdentifier>
    </Filter>
    <Filter Include="Source Files\Acorn">
      <UniqueIdentifier>{5f3571c6-1886-49b2-9a93-299db1f186be}</UniqueIdentifier>
    </Filter>
    <Filter Include="Source Files\OCB">
      <UniqueIdentifier>{204bae21-c33e-47dc-9e3e-770d236e771d}</UniqueIdentifier>
    </Filter>
    <Filter Include="Source Files\Norx">
      <UniqueIdentifier>{e313b927-ccfa-4032-963a-60aa83a4d6e2}</UniqueIdentifier>
    </Filter>
    <Filter Include="Source Files\Deoxys">
      <UniqueIdentifier>{8bbb5da1-faac-4862-8206-0c6138e6ef60}</UniqueIdentifier>
    </Filter>
    <Filter Include="Source Files\Ketje">
      <UniqueIdentifier>{635cbc9d-d8e8-4023-9e8c-32e12eb948e9}</UniqueIdentifier>
    </Filter>
    <Filter Include="Source Files\MORUS">
      <UniqueIdentifier>{4dcf6b3e-dd86-42cd-9bef-1e4709d77021}</UniqueIdentifier>
    </Filter>
    <Filter Include="Source Files\Deoxys128">
      <UniqueIdentifier>{4aba39c9-e3b1-4bcc-af97-40543e86f7f4}</UniqueIdentifier>
    </Filter>
    <Filter Include="Source Files\Deoxys256">
      <UniqueIdentifier>{cf5641cb-29ca-4bbe-beaa-7d7a6cbbafd5}</UniqueIdentifier>
    </Filter>
    <Filter Include="Source Files\MORUS128">
      <UniqueIdentifier>{69ccf8ba-3207-4c66-a955-d140f5564edc}</UniqueIdentifier>
    </Filter>
    <Filter Include="Source Files\MORUS256">
      <UniqueIdentifier>{3e55e6bb-0ec1-4118-bef3-b26f0a9f0cbf}</UniqueIdentifier>
    </Filter>
  </ItemGroup>
  <ItemGroup>
    <ClCompile Include="wrapper.c">
      <Filter>Source Files</Filter>
    </ClCompile>
    <ClCompile Include="Aesotrs\OTR.c">
      <Filter>Source Files\AESOTRS</Filter>
    </ClCompile>
    <ClCompile Include="Aesotrs\t-aes_enc_only.c">
      <Filter>Source Files\AESOTRS</Filter>
    </ClCompile>
    <ClCompile Include="Aesotrs\aesotrs_encrypt.c">
      <Filter>Source Files\AESOTRS</Filter>
    </ClCompile>
    <ClCompile Include="Aesotrp\OTR.c">
      <Filter>Source Files\AESOTRP</Filter>
    </ClCompile>
    <ClCompile Include="Aesotrp\t-aes_enc_only.c">
      <Filter>Source Files\AESOTRP</Filter>
    </ClCompile>
    <ClCompile Include="Aesotrp\aesotrp_encrypt.c">
      <Filter>Source Files\AESOTRP</Filter>
    </ClCompile>
    <ClCompile Include="Acorn\acorn_encrypt.c">
      <Filter>Source Files\Acorn</Filter>
    </ClCompile>
    <ClCompile Include="Keyak\displayIntermediateValues.c">
      <Filter>Source Files\Keyak</Filter>
    </ClCompile>
    <ClCompile Include="Keyak\KeccakP-200-reference.c">
      <Filter>Source Files\Keyak</Filter>
    </ClCompile>
    <ClCompile Include="Keyak\KeccakP-400-reference.c">
      <Filter>Source Files\Keyak</Filter>
    </ClCompile>
    <ClCompile Include="Keyak\KeccakP-800-reference.c">
      <Filter>Source Files\Keyak</Filter>
    </ClCompile>
    <ClCompile Include="Keyak\KeccakP-800-times2-on1.c">
      <Filter>Source Files\Keyak</Filter>
    </ClCompile>
    <ClCompile Include="Keyak\KeccakP-800-times4-on1.c">
      <Filter>Source Files\Keyak</Filter>
    </ClCompile>
    <ClCompile Include="Keyak\KeccakP-800-times8-on1.c">
      <Filter>Source Files\Keyak</Filter>
    </ClCompile>
    <ClCompile Include="Keyak\KeccakP-1600-reference.c">
      <Filter>Source Files\Keyak</Filter>
    </ClCompile>
    <ClCompile Include="Keyak\KeccakP-1600-times2-on1.c">
      <Filter>Source Files\Keyak</Filter>
    </ClCompile>
    <ClCompile Include="Keyak\KeccakP-1600-times4-on1.c">
      <Filter>Source Files\Keyak</Filter>
    </ClCompile>
    <ClCompile Include="Keyak\KeccakP-1600-times8-on1.c">
      <Filter>Source Files\Keyak</Filter>
    </ClCompile>
    <ClCompile Include="Keyak\Ket.c">
      <Filter>Source Files\Keyak</Filter>
    </ClCompile>
    <ClCompile Include="Keyak\keyak_encrypt.c">
      <Filter>Source Files\Keyak</Filter>
    </ClCompile>
    <ClCompile Include="Keyak\Keyakv2.c">
      <Filter>Source Files\Keyak</Filter>
    </ClCompile>
    <ClCompile Include="Keyak\Motorist.c">
      <Filter>Source Files\Keyak</Filter>
    </ClCompile>
    <ClCompile Include="OCB\ocb_encrypt.c">
      <Filter>Source Files\OCB</Filter>
    </ClCompile>
    <ClCompile Include="Norx\norx.c">
      <Filter>Source Files\Norx</Filter>
    </ClCompile>
    <ClCompile Include="Norx\norx_encrypt.c">
      <Filter>Source Files\Norx</Filter>
    </ClCompile>
    <ClCompile Include="Deoxys\deoxys.c">
      <Filter>Source Files\Deoxys</Filter>
    </ClCompile>
    <ClCompile Include="Deoxys\tweakableBC.c">
      <Filter>Source Files\Deoxys</Filter>
    </ClCompile>
    <ClCompile Include="Ketje\displayIntermediateValues.c">
      <Filter>Source Files\Ketje</Filter>
    </ClCompile>
    <ClCompile Include="Ketje\KeccakF-400-reference.c">
      <Filter>Source Files\Ketje</Filter>
    </ClCompile>
    <ClCompile Include="Ketje\KeccakP-400-reference.c">
      <Filter>Source Files\Ketje</Filter>
    </ClCompile>
    <ClCompile Include="Ketje\Ket.c">
      <Filter>Source Files\Ketje</Filter>
    </ClCompile>
    <ClCompile Include="Ketje\Ketje.c">
      <Filter>Source Files\Ketje</Filter>
    </ClCompile>
    <ClCompile Include="Ketje\ketje_encrypt.c">
      <Filter>Source Files\Ketje</Filter>
    </ClCompile>
    <ClCompile Include="Deoxys\deoxys_encrypt.c">
      <Filter>Source Files\Deoxys</Filter>
    </ClCompile>
    <ClCompile Include="Aez\aez_encrypt.c">
      <Filter>Source Files\AEZ</Filter>
    </ClCompile>
    <ClCompile Include="Aez\blake2b.c">
      <Filter>Source Files\AEZ</Filter>
    </ClCompile>
    <ClCompile Include="Aez\rijndael-alg-fst.c">
      <Filter>Source Files\AEZ</Filter>
    </ClCompile>
    <ClCompile Include="Morus\blake2b.c">
      <Filter>Source Files\MORUS</Filter>
    </ClCompile>
    <ClCompile Include="Morus\rijndael-alg-fst.c">
      <Filter>Source Files\MORUS</Filter>
    </ClCompile>
    <ClCompile Include="Morus\morus_encrypt.c">
      <Filter>Source Files\MORUS</Filter>
    </ClCompile>
    <ClCompile Include="Ascon\ascon_encrypt.c">
      <Filter>Source Files\ASCON</Filter>
    </ClCompile>
    <ClCompile Include="deoxyseq128128v13\deoxys.c">
      <Filter>Source Files\Deoxys128</Filter>
    </ClCompile>
    <ClCompile Include="deoxyseq128128v13\deoxys128_encrypt.c">
      <Filter>Source Files\Deoxys128</Filter>
    </ClCompile>
    <ClCompile Include="deoxyseq128128v13\tweakableBC.c">
      <Filter>Source Files\Deoxys128</Filter>
    </ClCompile>
    <ClCompile Include="deoxyseq256128v13\deoxys.c">
      <Filter>Source Files\Deoxys256</Filter>
    </ClCompile>
    <ClCompile Include="deoxyseq256128v13\deoxys256_encrypt.c">
      <Filter>Source Files\Deoxys256</Filter>
    </ClCompile>
    <ClCompile Include="deoxyseq256128v13\tweakableBC.c">
      <Filter>Source Files\Deoxys256</Filter>
    </ClCompile>
    <ClCompile Include="morus1280128v2\morus128_encrypt.c">
      <Filter>Source Files\MORUS128</Filter>
    </ClCompile>
    <ClCompile Include="morus1280256v2\morus256_encrypt.c">
      <Filter>Source Files\MORUS256</Filter>
    </ClCompile>
  </ItemGroup>
  <ItemGroup>
    <ClInclude Include="crypto_aead.h">
      <Filter>Source Files</Filter>
    </ClInclude>
    <ClInclude Include="Ascon\api.h">
      <Filter>Source Files\ASCON</Filter>
    </ClInclude>
    <ClInclude Include="Ascon\crypto_aead.h">
      <Filter>Source Files\ASCON</Filter>
    </ClInclude>
    <ClInclude Include="Aesotrs\api.h">
      <Filter>Source Files\AESOTRS</Filter>
    </ClInclude>
    <ClInclude Include="Aesotrs\crypto_aead.h">
      <Filter>Source Files\AESOTRS</Filter>
    </ClInclude>
    <ClInclude Include="Aesotrs\OTR.h">
      <Filter>Source Files\AESOTRS</Filter>
    </ClInclude>
    <ClInclude Include="Aesotrs\t-aes_define.h">
      <Filter>Source Files\AESOTRS</Filter>
    </ClInclude>
    <ClInclude Include="Aesotrs\t-aes_table_enc_only.h">
      <Filter>Source Files\AESOTRS</Filter>
    </ClInclude>
    <ClInclude Include="Aesotrp\api.h">
      <Filter>Source Files\AESOTRP</Filter>
    </ClInclude>
    <ClInclude Include="Aesotrp\crypto_aead.h">
      <Filter>Source Files\AESOTRP</Filter>
    </ClInclude>
    <ClInclude Include="Aesotrp\OTR.h">
      <Filter>Source Files\AESOTRP</Filter>
    </ClInclude>
    <ClInclude Include="Aesotrp\t-aes_define.h">
      <Filter>Source Files\AESOTRP</Filter>
    </ClInclude>
    <ClInclude Include="Aesotrp\t-aes_table_enc_only.h">
      <Filter>Source Files\AESOTRP</Filter>
    </ClInclude>
    <ClInclude Include="Acorn\api.h">
      <Filter>Source Files\Acorn</Filter>
    </ClInclude>
    <ClInclude Include="Acorn\crypto_aead.h">
      <Filter>Source Files\Acorn</Filter>
    </ClInclude>
    <ClInclude Include="Keyak\align.h">
      <Filter>Source Files\Keyak</Filter>
    </ClInclude>
    <ClInclude Include="Keyak\api.h">
      <Filter>Source Files\Keyak</Filter>
    </ClInclude>
    <ClInclude Include="Keyak\brg_endian.h">
      <Filter>Source Files\Keyak</Filter>
    </ClInclude>
    <ClInclude Include="Keyak\crypto_aead.h">
      <Filter>Source Files\Keyak</Filter>
    </ClInclude>
    <ClInclude Include="Keyak\displayIntermediateValues.h">
      <Filter>Source Files\Keyak</Filter>
    </ClInclude>
    <ClInclude Include="Keyak\KeccakCodePackage.h">
      <Filter>Source Files\Keyak</Filter>
    </ClInclude>
    <ClInclude Include="Keyak\KeccakP-200-reference.h">
      <Filter>Source Files\Keyak</Filter>
    </ClInclude>
    <ClInclude Include="Keyak\KeccakP-200-SnP.h">
      <Filter>Source Files\Keyak</Filter>
    </ClInclude>
    <ClInclude Include="Keyak\KeccakP-400-reference.h">
      <Filter>Source Files\Keyak</Filter>
    </ClInclude>
    <ClInclude Include="Keyak\KeccakP-400-SnP.h">
      <Filter>Source Files\Keyak</Filter>
    </ClInclude>
    <ClInclude Include="Keyak\KeccakP-800-reference.h">
      <Filter>Source Files\Keyak</Filter>
    </ClInclude>
    <ClInclude Include="Keyak\KeccakP-800-SnP.h">
      <Filter>Source Files\Keyak</Filter>
    </ClInclude>
    <ClInclude Include="Keyak\KeccakP-800-times2-SnP.h">
      <Filter>Source Files\Keyak</Filter>
    </ClInclude>
    <ClInclude Include="Keyak\KeccakP-800-times4-SnP.h">
      <Filter>Source Files\Keyak</Filter>
    </ClInclude>
    <ClInclude Include="Keyak\KeccakP-800-times8-SnP.h">
      <Filter>Source Files\Keyak</Filter>
    </ClInclude>
    <ClInclude Include="Keyak\KeccakP-1600-reference.h">
      <Filter>Source Files\Keyak</Filter>
    </ClInclude>
    <ClInclude Include="Keyak\KeccakP-1600-SnP.h">
      <Filter>Source Files\Keyak</Filter>
    </ClInclude>
    <ClInclude Include="Keyak\KeccakP-1600-times2-SnP.h">
      <Filter>Source Files\Keyak</Filter>
    </ClInclude>
    <ClInclude Include="Keyak\KeccakP-1600-times4-SnP.h">
      <Filter>Source Files\Keyak</Filter>
    </ClInclude>
    <ClInclude Include="Keyak\KeccakP-1600-times8-SnP.h">
      <Filter>Source Files\Keyak</Filter>
    </ClInclude>
    <ClInclude Include="Keyak\Ket.h">
      <Filter>Source Files\Keyak</Filter>
    </ClInclude>
    <ClInclude Include="Keyak\Keyakv2.h">
      <Filter>Source Files\Keyak</Filter>
    </ClInclude>
    <ClInclude Include="Keyak\Motorist.h">
      <Filter>Source Files\Keyak</Filter>
    </ClInclude>
    <ClInclude Include="OCB\api.h">
      <Filter>Source Files\OCB</Filter>
    </ClInclude>
    <ClInclude Include="OCB\crypto_aead.h">
      <Filter>Source Files\OCB</Filter>
    </ClInclude>
    <ClInclude Include="Norx\api.h">
      <Filter>Source Files\Norx</Filter>
    </ClInclude>
    <ClInclude Include="Norx\crypto_aead.h">
      <Filter>Source Files\Norx</Filter>
    </ClInclude>
    <ClInclude Include="Norx\norx.h">
      <Filter>Source Files\Norx</Filter>
    </ClInclude>
    <ClInclude Include="Norx\norx_config.h">
      <Filter>Source Files\Norx</Filter>
    </ClInclude>
    <ClInclude Include="Norx\norx_util.h">
      <Filter>Source Files\Norx</Filter>
    </ClInclude>
    <ClInclude Include="Deoxys\api.h">
      <Filter>Source Files\Deoxys</Filter>
    </ClInclude>
    <ClInclude Include="Deoxys\crypto_aead.h">
      <Filter>Source Files\Deoxys</Filter>
    </ClInclude>
    <ClInclude Include="Deoxys\deoxys.h">
      <Filter>Source Files\Deoxys</Filter>
    </ClInclude>
    <ClInclude Include="Deoxys\tweakableBC.h">
      <Filter>Source Files\Deoxys</Filter>
    </ClInclude>
    <ClInclude Include="Ketje\api.h">
      <Filter>Source Files\Ketje</Filter>
    </ClInclude>
    <ClInclude Include="Ketje\brg_endian.h">
      <Filter>Source Files\Ketje</Filter>
    </ClInclude>
    <ClInclude Include="Ketje\crypto_aead.h">
      <Filter>Source Files\Ketje</Filter>
    </ClInclude>
    <ClInclude Include="Ketje\displayIntermediateValues.h">
      <Filter>Source Files\Ketje</Filter>
    </ClInclude>
    <ClInclude Include="Ketje\KeccakF-400-interface.h">
      <Filter>Source Files\Ketje</Filter>
    </ClInclude>
    <ClInclude Include="Ketje\KeccakF-400-reference.h">
      <Filter>Source Files\Ketje</Filter>
    </ClInclude>
    <ClInclude Include="Ketje\KeccakF-interface.h">
      <Filter>Source Files\Ketje</Filter>
    </ClInclude>
    <ClInclude Include="Ketje\KeccakP-400-interface.h">
      <Filter>Source Files\Ketje</Filter>
    </ClInclude>
    <ClInclude Include="Ketje\KeccakP-400-reference.h">
      <Filter>Source Files\Ketje</Filter>
    </ClInclude>
    <ClInclude Include="Ketje\KeccakP-interface.h">
      <Filter>Source Files\Ketje</Filter>
    </ClInclude>
    <ClInclude Include="Ketje\Ket.h">
      <Filter>Source Files\Ketje</Filter>
    </ClInclude>
    <ClInclude Include="Ketje\Ketje.h">
      <Filter>Source Files\Ketje</Filter>
    </ClInclude>
    <ClInclude Include="Aez\api.h">
      <Filter>Source Files\AEZ</Filter>
    </ClInclude>
    <ClInclude Include="Aez\blake2b.h">
      <Filter>Source Files\AEZ</Filter>
    </ClInclude>
    <ClInclude Include="Aez\crypto_aead.h">
      <Filter>Source Files\AEZ</Filter>
    </ClInclude>
    <ClInclude Include="Aez\rijndael-alg-fst.h">
      <Filter>Source Files\AEZ</Filter>
    </ClInclude>
    <ClInclude Include="Morus\api.h">
      <Filter>Source Files\MORUS</Filter>
    </ClInclude>
    <ClInclude Include="Morus\blake2b.h">
      <Filter>Source Files\MORUS</Filter>
    </ClInclude>
    <ClInclude Include="Morus\crypto_aead.h">
      <Filter>Source Files\MORUS</Filter>
    </ClInclude>
    <ClInclude Include="Morus\rijndael-alg-fst.h">
      <Filter>Source Files\MORUS</Filter>
    </ClInclude>
    <ClInclude Include="deoxyseq128128v13\api.h">
      <Filter>Source Files\Deoxys128</Filter>
    </ClInclude>
    <ClInclude Include="deoxyseq128128v13\deoxys.h">
      <Filter>Source Files\Deoxys128</Filter>
    </ClInclude>
    <ClInclude Include="deoxyseq128128v13\tweakableBC.h">
      <Filter>Source Files\Deoxys128</Filter>
    </ClInclude>
    <ClInclude Include="deoxyseq256128v13\api.h">
      <Filter>Source Files\Deoxys256</Filter>
    </ClInclude>
    <ClInclude Include="deoxyseq256128v13\deoxys.h">
      <Filter>Source Files\Deoxys256</Filter>
    </ClInclude>
    <ClInclude Include="deoxyseq256128v13\tweakableBC.h">
      <Filter>Source Files\Deoxys256</Filter>
    </ClInclude>
    <ClInclude Include="morus1280128v2\api.h">
      <Filter>Source Files\MORUS128</Filter>
    </ClInclude>
    <ClInclude Include="morus1280128v2\crypto_aead.h">
      <Filter>Source Files\MORUS128</Filter>
    </ClInclude>
    <ClInclude Include="morus1280256v2\api.h">
      <Filter>Source Files\MORUS256</Filter>
    </ClInclude>
    <ClInclude Include="morus1280256v2\crypto_aead.h">
      <Filter>Source Files\MORUS256</Filter>
    </ClInclude>
  </ItemGroup>
  <ItemGroup>
    <None Include="Keyak\Ket.inc">
      <Filter>Source Files\Keyak</Filter>
    </None>
    <None Include="Keyak\Keyakv2.inc">
      <Filter>Source Files\Keyak</Filter>
    </None>
    <None Include="Keyak\Motorist.inc">
      <Filter>Source Files\Keyak</Filter>
    </None>
    <None Include="Keyak\PlSnP-Fallback.inc">
      <Filter>Source Files\Keyak</Filter>
    </None>
  </ItemGroup>
</Project>